
Microsoft Visual Studio Solution File, Format Version 12.00
# Visual Studio Version 16
VisualStudioVersion = 16.0.28803.202
MinimumVisualStudioVersion = 10.0.40219.1
Project("{FAE04EC0-301F-11D3-BF4B-00C04F79EFBC}") = "RPSLS", "RPSLS\RPSLS.csproj", "{DFEE06E4-A17D-4034-B548-9F8E7FC1C37B}"
EndProject
Global
	GlobalSection(SolutionConfigurationPlatforms) = preSolution
		Debug|Any CPU = Debug|Any CPU
		Release|Any CPU = Release|Any CPU
	EndGlobalSection
	GlobalSection(ProjectConfigurationPlatforms) = postSolution
		{DFEE06E4-A17D-4034-B548-9F8E7FC1C37B}.Debug|Any CPU.ActiveCfg = Debug|Any CPU
		{DFEE06E4-A17D-4034-B548-9F8E7FC1C37B}.Debug|Any CPU.Build.0 = Debug|Any CPU
		{DFEE06E4-A17D-4034-B548-9F8E7FC1C37B}.Release|Any CPU.ActiveCfg = Release|Any CPU
		{DFEE06E4-A17D-4034-B548-9F8E7FC1C37B}.Release|Any CPU.Build.0 = Release|Any CPU
	EndGlobalSection
	GlobalSection(SolutionProperties) = preSolution
		HideSolutionNode = FALSE
	EndGlobalSection
	GlobalSection(ExtensibilityGlobals) = postSolution
		SolutionGuid = {3DEECA2E-C310-41C2-91A7-6BA4FE68B7F0}
	EndGlobalSection
EndGlobal
